Microsoft Visual Studio Solution File, Format Version 12.00
# Visual Studio Version 17
VisualStudioVersion = 17.5.2.0
MinimumVisualStudioVersion = 10.0.40219.1
Project("{FAE04EC0-301F-11D3-BF4B-00C04F79EFBC}") = "TmoTask", "TmoTask.csproj", "{64875462-8B66-6644-FA3D-0F8EAB7AE726}"
EndProject
Global
	GlobalSection(SolutionConfigurationPlatforms) = preSolution
		Debug|Any CPU = Debug|Any CPU
		Release|Any CPU = Release|Any CPU
	EndGlobalSection
	GlobalSection(ProjectConfigurationPlatforms) = postSolution
		{64875462-8B66-6644-FA3D-0F8EAB7AE726}.Debug|Any CPU.ActiveCfg = Debug|Any CPU
		{64875462-8B66-6644-FA3D-0F8EAB7AE726}.Debug|Any CPU.Build.0 = Debug|Any CPU
		{64875462-8B66-6644-FA3D-0F8EAB7AE726}.Release|Any CPU.ActiveCfg = Release|Any CPU
		{64875462-8B66-6644-FA3D-0F8EAB7AE726}.Release|Any CPU.Build.0 = Release|Any CPU
	EndGlobalSection
	GlobalSection(SolutionProperties) = preSolution
		HideSolutionNode = FALSE
	EndGlobalSection
	GlobalSection(ExtensibilityGlobals) = postSolution
		SolutionGuid = {732605A9-3BF5-40FA-AC65-266BE6F7E744}
	EndGlobalSection
EndGlobal
